
Microsoft Visual Studio Solution File, Format Version 12.00
# Visual Studio Version 16
VisualStudioVersion = 16.0.28803.156
MinimumVisualStudioVersion = 10.0.40219.1
Project("{FAE04EC0-301F-11D3-BF4B-00C04F79EFBC}") = "DataReader", "DataReader\DataReader.csproj", "{2694261D-C395-4B77-94F2-07832E44DF64}"
EndProject
Global
	GlobalSection(SolutionConfigurationPlatforms) = preSolution
		Debug|Any CPU = Debug|Any CPU
		Release|Any CPU = Release|Any CPU
	EndGlobalSection
	GlobalSection(ProjectConfigurationPlatforms) = postSolution
		{2694261D-C395-4B77-94F2-07832E44DF64}.Debug|Any CPU.ActiveCfg = Debug|Any CPU
		{2694261D-C395-4B77-94F2-07832E44DF64}.Debug|Any CPU.Build.0 = Debug|Any CPU
		{2694261D-C395-4B77-94F2-07832E44DF64}.Release|Any CPU.ActiveCfg = Release|Any CPU
		{2694261D-C395-4B77-94F2-07832E44DF64}.Release|Any CPU.Build.0 = Release|Any CPU
	EndGlobalSection
	GlobalSection(SolutionProperties) = preSolution
		HideSolutionNode = FALSE
	EndGlobalSection
	GlobalSection(ExtensibilityGlobals) = postSolution
		SolutionGuid = {65676580-5012-49B3-8E3A-4F0EF7D355D6}
	EndGlobalSection
EndGlobal
