
Microsoft Visual Studio Solution File, Format Version 12.00
# Visual Studio Version 16
VisualStudioVersion = 16.0.28803.156
MinimumVisualStudioVersion = 10.0.40219.1
Project("{FAE04EC0-301F-11D3-BF4B-00C04F79EFBC}") = "DataSender", "DataReaderRedis\DataSender.csproj", "{12F870FB-7B41-43FE-8B9A-569037D620C7}"
EndProject
Global
	GlobalSection(SolutionConfigurationPlatforms) = preSolution
		Debug|Any CPU = Debug|Any CPU
		Release|Any CPU = Release|Any CPU
	EndGlobalSection
	GlobalSection(ProjectConfigurationPlatforms) = postSolution
		{12F870FB-7B41-43FE-8B9A-569037D620C7}.Debug|Any CPU.ActiveCfg = Debug|Any CPU
		{12F870FB-7B41-43FE-8B9A-569037D620C7}.Debug|Any CPU.Build.0 = Debug|Any CPU
		{12F870FB-7B41-43FE-8B9A-569037D620C7}.Release|Any CPU.ActiveCfg = Release|Any CPU
		{12F870FB-7B41-43FE-8B9A-569037D620C7}.Release|Any CPU.Build.0 = Release|Any CPU
	EndGlobalSection
	GlobalSection(SolutionProperties) = preSolution
		HideSolutionNode = FALSE
	EndGlobalSection
	GlobalSection(ExtensibilityGlobals) = postSolution
		SolutionGuid = {9FD36A0A-72D5-428E-9E53-48BDE56FBF48}
	EndGlobalSection
EndGlobal
